
Microsoft Visual Studio Solution File, Format Version 12.00
# Visual Studio Version 16
VisualStudioVersion = 16.0.30611.23
MinimumVisualStudioVersion = 10.0.40219.1
Project("{FAE04EC0-301F-11D3-BF4B-00C04F79EFBC}") = "Databusiness.servicio", "Databusiness.servicio\Databusiness.servicio.csproj", "{19444AE7-8A5B-46C0-94FF-C62F3067403D}"
EndProject
Project("{FAE04EC0-301F-11D3-BF4B-00C04F79EFBC}") = "Databusiness.basedatos", "Databusiness.basedatos\Databusiness.basedatos.csproj", "{D58274CB-B1A8-4C51-AD7E-6C9BC7B1FCF5}"
EndProject
Project("{FAE04EC0-301F-11D3-BF4B-00C04F79EFBC}") = "Databusiness.entidades", "Databusiness.entidades\Databusiness.entidades.csproj", "{9BC15764-5875-4452-A4C7-920714F13E05}"
EndProject
Project("{FAE04EC0-301F-11D3-BF4B-00C04F79EFBC}") = "Databusiness.Intercambio", "Databusiness.Intercambio\Databusiness.Intercambio.csproj", "{692174EA-6E4F-49B8-BE59-A8313568A068}"
EndProject
Project("{FAE04EC0-301F-11D3-BF4B-00C04F79EFBC}") = "Databusiness.ModernPOS", "Databusiness.ModernPOS\Databusiness.ModernPOS.csproj", "{3D801923-95DB-4CAE-92EA-9D137776F28B}"
EndProject
Global
	GlobalSection(SolutionConfigurationPlatforms) = preSolution
		Debug|Any CPU = Debug|Any CPU
		Debug|ARM = Debug|ARM
		Debug|ARM64 = Debug|ARM64
		Debug|x64 = Debug|x64
		Debug|x86 = Debug|x86
		Developer|Any CPU = Developer|Any CPU
		Developer|ARM = Developer|ARM
		Developer|ARM64 = Developer|ARM64
		Developer|x64 = Developer|x64
		Developer|x86 = Developer|x86
		Release|Any CPU = Release|Any CPU
		Release|ARM = Release|ARM
		Release|ARM64 = Release|ARM64
		Release|x64 = Release|x64
		Release|x86 = Release|x86
	EndGlobalSection
	GlobalSection(ProjectConfigurationPlatforms) = postSolution
		{19444AE7-8A5B-46C0-94FF-C62F3067403D}.Debug|Any CPU.ActiveCfg = Debug|Any CPU
		{19444AE7-8A5B-46C0-94FF-C62F3067403D}.Debug|Any CPU.Build.0 = Debug|Any CPU
		{19444AE7-8A5B-46C0-94FF-C62F3067403D}.Debug|ARM.ActiveCfg = Debug|Any CPU
		{19444AE7-8A5B-46C0-94FF-C62F3067403D}.Debug|ARM.Build.0 = Debug|Any CPU
		{19444AE7-8A5B-46C0-94FF-C62F3067403D}.Debug|ARM64.ActiveCfg = Debug|Any CPU
		{19444AE7-8A5B-46C0-94FF-C62F3067403D}.Debug|ARM64.Build.0 = Debug|Any CPU
		{19444AE7-8A5B-46C0-94FF-C62F3067403D}.Debug|x64.ActiveCfg = Debug|Any CPU
		{19444AE7-8A5B-46C0-94FF-C62F3067403D}.Debug|x64.Build.0 = Debug|Any CPU
		{19444AE7-8A5B-46C0-94FF-C62F3067403D}.Debug|x86.ActiveCfg = Debug|Any CPU
		{19444AE7-8A5B-46C0-94FF-C62F3067403D}.Debug|x86.Build.0 = Debug|Any CPU
		{19444AE7-8A5B-46C0-94FF-C62F3067403D}.Developer|Any CPU.ActiveCfg = Debug|Any CPU
		{19444AE7-8A5B-46C0-94FF-C62F3067403D}.Developer|Any CPU.Build.0 = Debug|Any CPU
		{19444AE7-8A5B-46C0-94FF-C62F3067403D}.Developer|ARM.ActiveCfg = Developer|Any CPU
		{19444AE7-8A5B-46C0-94FF-C62F3067403D}.Developer|ARM.Build.0 = Developer|Any CPU
		{19444AE7-8A5B-46C0-94FF-C62F3067403D}.Developer|ARM64.ActiveCfg = Developer|Any CPU
		{19444AE7-8A5B-46C0-94FF-C62F3067403D}.Developer|ARM64.Build.0 = Developer|Any CPU
		{19444AE7-8A5B-46C0-94FF-C62F3067403D}.Developer|x64.ActiveCfg = Developer|Any CPU
		{19444AE7-8A5B-46C0-94FF-C62F3067403D}.Developer|x64.Build.0 = Developer|Any CPU
		{19444AE7-8A5B-46C0-94FF-C62F3067403D}.Developer|x86.ActiveCfg = Debug|Any CPU
		{19444AE7-8A5B-46C0-94FF-C62F3067403D}.Developer|x86.Build.0 = Debug|Any CPU
		{19444AE7-8A5B-46C0-94FF-C62F3067403D}.Release|Any CPU.ActiveCfg = Release|Any CPU
		{19444AE7-8A5B-46C0-94FF-C62F3067403D}.Release|Any CPU.Build.0 = Release|Any CPU
		{19444AE7-8A5B-46C0-94FF-C62F3067403D}.Release|ARM.ActiveCfg = Release|Any CPU
		{19444AE7-8A5B-46C0-94FF-C62F3067403D}.Release|ARM.Build.0 = Release|Any CPU
		{19444AE7-8A5B-46C0-94FF-C62F3067403D}.Release|ARM64.ActiveCfg = Release|Any CPU
		{19444AE7-8A5B-46C0-94FF-C62F3067403D}.Release|ARM64.Build.0 = Release|Any CPU
		{19444AE7-8A5B-46C0-94FF-C62F3067403D}.Release|x64.ActiveCfg = Release|Any CPU
		{19444AE7-8A5B-46C0-94FF-C62F3067403D}.Release|x64.Build.0 = Release|Any CPU
		{19444AE7-8A5B-46C0-94FF-C62F3067403D}.Release|x86.ActiveCfg = Release|Any CPU
		{19444AE7-8A5B-46C0-94FF-C62F3067403D}.Release|x86.Build.0 = Release|Any CPU
		{D58274CB-B1A8-4C51-AD7E-6C9BC7B1FCF5}.Debug|Any CPU.ActiveCfg = Debug|Any CPU
		{D58274CB-B1A8-4C51-AD7E-6C9BC7B1FCF5}.Debug|Any CPU.Build.0 = Debug|Any CPU
		{D58274CB-B1A8-4C51-AD7E-6C9BC7B1FCF5}.Debug|ARM.ActiveCfg = Debug|Any CPU
		{D58274CB-B1A8-4C51-AD7E-6C9BC7B1FCF5}.Debug|ARM.Build.0 = Debug|Any CPU
		{D58274CB-B1A8-4C51-AD7E-6C9BC7B1FCF5}.Debug|ARM64.ActiveCfg = Debug|Any CPU
		{D58274CB-B1A8-4C51-AD7E-6C9BC7B1FCF5}.Debug|ARM64.Build.0 = Debug|Any CPU
		{D58274CB-B1A8-4C51-AD7E-6C9BC7B1FCF5}.Debug|x64.ActiveCfg = Debug|Any CPU
		{D58274CB-B1A8-4C51-AD7E-6C9BC7B1FCF5}.Debug|x64.Build.0 = Debug|Any CPU
		{D58274CB-B1A8-4C51-AD7E-6C9BC7B1FCF5}.Debug|x86.ActiveCfg = Debug|Any CPU
		{D58274CB-B1A8-4C51-AD7E-6C9BC7B1FCF5}.Debug|x86.Build.0 = Debug|Any CPU
		{D58274CB-B1A8-4C51-AD7E-6C9BC7B1FCF5}.Developer|Any CPU.ActiveCfg = Developer|Any CPU
		{D58274CB-B1A8-4C51-AD7E-6C9BC7B1FCF5}.Developer|Any CPU.Build.0 = Developer|Any CPU
		{D58274CB-B1A8-4C51-AD7E-6C9BC7B1FCF5}.Developer|ARM.ActiveCfg = Developer|Any CPU
		{D58274CB-B1A8-4C51-AD7E-6C9BC7B1FCF5}.Developer|ARM.Build.0 = Developer|Any CPU
		{D58274CB-B1A8-4C51-AD7E-6C9BC7B1FCF5}.Developer|ARM64.ActiveCfg = Developer|Any CPU
		{D58274CB-B1A8-4C51-AD7E-6C9BC7B1FCF5}.Developer|ARM64.Build.0 = Developer|Any CPU
		{D58274CB-B1A8-4C51-AD7E-6C9BC7B1FCF5}.Developer|x64.ActiveCfg = Developer|Any CPU
		{D58274CB-B1A8-4C51-AD7E-6C9BC7B1FCF5}.Developer|x64.Build.0 = Developer|Any CPU
		{D58274CB-B1A8-4C51-AD7E-6C9BC7B1FCF5}.Developer|x86.ActiveCfg = Developer|Any CPU
		{D58274CB-B1A8-4C51-AD7E-6C9BC7B1FCF5}.Developer|x86.Build.0 = Developer|Any CPU
		{D58274CB-B1A8-4C51-AD7E-6C9BC7B1FCF5}.Release|Any CPU.ActiveCfg = Release|Any CPU
		{D58274CB-B1A8-4C51-AD7E-6C9BC7B1FCF5}.Release|Any CPU.Build.0 = Release|Any CPU
		{D58274CB-B1A8-4C51-AD7E-6C9BC7B1FCF5}.Release|ARM.ActiveCfg = Release|Any CPU
		{D58274CB-B1A8-4C51-AD7E-6C9BC7B1FCF5}.Release|ARM.Build.0 = Release|Any CPU
		{D58274CB-B1A8-4C51-AD7E-6C9BC7B1FCF5}.Release|ARM64.ActiveCfg = Release|Any CPU
		{D58274CB-B1A8-4C51-AD7E-6C9BC7B1FCF5}.Release|ARM64.Build.0 = Release|Any CPU
		{D58274CB-B1A8-4C51-AD7E-6C9BC7B1FCF5}.Release|x64.ActiveCfg = Release|Any CPU
		{D58274CB-B1A8-4C51-AD7E-6C9BC7B1FCF5}.Release|x64.Build.0 = Release|Any CPU
		{D58274CB-B1A8-4C51-AD7E-6C9BC7B1FCF5}.Release|x86.ActiveCfg = Release|Any CPU
		{D58274CB-B1A8-4C51-AD7E-6C9BC7B1FCF5}.Release|x86.Build.0 = Release|Any CPU
		{9BC15764-5875-4452-A4C7-920714F13E05}.Debug|Any CPU.ActiveCfg = Debug|Any CPU
		{9BC15764-5875-4452-A4C7-920714F13E05}.Debug|Any CPU.Build.0 = Debug|Any CPU
		{9BC15764-5875-4452-A4C7-920714F13E05}.Debug|ARM.ActiveCfg = Debug|Any CPU
		{9BC15764-5875-4452-A4C7-920714F13E05}.Debug|ARM.Build.0 = Debug|Any CPU
		{9BC15764-5875-4452-A4C7-920714F13E05}.Debug|ARM64.ActiveCfg = Debug|Any CPU
		{9BC15764-5875-4452-A4C7-920714F13E05}.Debug|ARM64.Build.0 = Debug|Any CPU
		{9BC15764-5875-4452-A4C7-920714F13E05}.Debug|x64.ActiveCfg = Debug|Any CPU
		{9BC15764-5875-4452-A4C7-920714F13E05}.Debug|x64.Build.0 = Debug|Any CPU
		{9BC15764-5875-4452-A4C7-920714F13E05}.Debug|x86.ActiveCfg = Debug|Any CPU
		{9BC15764-5875-4452-A4C7-920714F13E05}.Debug|x86.Build.0 = Debug|Any CPU
		{9BC15764-5875-4452-A4C7-920714F13E05}.Developer|Any CPU.ActiveCfg = Debug|Any CPU
		{9BC15764-5875-4452-A4C7-920714F13E05}.Developer|Any CPU.Build.0 = Debug|Any CPU
		{9BC15764-5875-4452-A4C7-920714F13E05}.Developer|ARM.ActiveCfg = Developer|Any CPU
		{9BC15764-5875-4452-A4C7-920714F13E05}.Developer|ARM.Build.0 = Developer|Any CPU
		{9BC15764-5875-4452-A4C7-920714F13E05}.Developer|ARM64.ActiveCfg = Developer|Any CPU
		{9BC15764-5875-4452-A4C7-920714F13E05}.Developer|ARM64.Build.0 = Developer|Any CPU
		{9BC15764-5875-4452-A4C7-920714F13E05}.Developer|x64.ActiveCfg = Developer|Any CPU
		{9BC15764-5875-4452-A4C7-920714F13E05}.Developer|x64.Build.0 = Developer|Any CPU
		{9BC15764-5875-4452-A4C7-920714F13E05}.Developer|x86.ActiveCfg = Debug|Any CPU
		{9BC15764-5875-4452-A4C7-920714F13E05}.Developer|x86.Build.0 = Debug|Any CPU
		{9BC15764-5875-4452-A4C7-920714F13E05}.Release|Any CPU.ActiveCfg = Release|Any CPU
		{9BC15764-5875-4452-A4C7-920714F13E05}.Release|Any CPU.Build.0 = Release|Any CPU
		{9BC15764-5875-4452-A4C7-920714F13E05}.Release|ARM.ActiveCfg = Release|Any CPU
		{9BC15764-5875-4452-A4C7-920714F13E05}.Release|ARM.Build.0 = Release|Any CPU
		{9BC15764-5875-4452-A4C7-920714F13E05}.Release|ARM64.ActiveCfg = Release|Any CPU
		{9BC15764-5875-4452-A4C7-920714F13E05}.Release|ARM64.Build.0 = Release|Any CPU
		{9BC15764-5875-4452-A4C7-920714F13E05}.Release|x64.ActiveCfg = Release|Any CPU
		{9BC15764-5875-4452-A4C7-920714F13E05}.Release|x64.Build.0 = Release|Any CPU
		{9BC15764-5875-4452-A4C7-920714F13E05}.Release|x86.ActiveCfg = Release|Any CPU
		{9BC15764-5875-4452-A4C7-920714F13E05}.Release|x86.Build.0 = Release|Any CPU
		{692174EA-6E4F-49B8-BE59-A8313568A068}.Debug|Any CPU.ActiveCfg = Debug|Any CPU
		{692174EA-6E4F-49B8-BE59-A8313568A068}.Debug|Any CPU.Build.0 = Debug|Any CPU
		{692174EA-6E4F-49B8-BE59-A8313568A068}.Debug|ARM.ActiveCfg = Debug|Any CPU
		{692174EA-6E4F-49B8-BE59-A8313568A068}.Debug|ARM.Build.0 = Debug|Any CPU
		{692174EA-6E4F-49B8-BE59-A8313568A068}.Debug|ARM64.ActiveCfg = Debug|Any CPU
		{692174EA-6E4F-49B8-BE59-A8313568A068}.Debug|ARM64.Build.0 = Debug|Any CPU
		{692174EA-6E4F-49B8-BE59-A8313568A068}.Debug|x64.ActiveCfg = Debug|Any CPU
		{692174EA-6E4F-49B8-BE59-A8313568A068}.Debug|x64.Build.0 = Debug|Any CPU
		{692174EA-6E4F-49B8-BE59-A8313568A068}.Debug|x86.ActiveCfg = Debug|Any CPU
		{692174EA-6E4F-49B8-BE59-A8313568A068}.Debug|x86.Build.0 = Debug|Any CPU
		{692174EA-6E4F-49B8-BE59-A8313568A068}.Developer|Any CPU.ActiveCfg = Debug|Any CPU
		{692174EA-6E4F-49B8-BE59-A8313568A068}.Developer|Any CPU.Build.0 = Debug|Any CPU
		{692174EA-6E4F-49B8-BE59-A8313568A068}.Developer|ARM.ActiveCfg = Developer|Any CPU
		{692174EA-6E4F-49B8-BE59-A8313568A068}.Developer|ARM.Build.0 = Developer|Any CPU
		{692174EA-6E4F-49B8-BE59-A8313568A068}.Developer|ARM64.ActiveCfg = Developer|Any CPU
		{692174EA-6E4F-49B8-BE59-A8313568A068}.Developer|ARM64.Build.0 = Developer|Any CPU
		{692174EA-6E4F-49B8-BE59-A8313568A068}.Developer|x64.ActiveCfg = Developer|Any CPU
		{692174EA-6E4F-49B8-BE59-A8313568A068}.Developer|x64.Build.0 = Developer|Any CPU
		{692174EA-6E4F-49B8-BE59-A8313568A068}.Developer|x86.ActiveCfg = Debug|Any CPU
		{692174EA-6E4F-49B8-BE59-A8313568A068}.Developer|x86.Build.0 = Debug|Any CPU
		{692174EA-6E4F-49B8-BE59-A8313568A068}.Release|Any CPU.ActiveCfg = Release|Any CPU
		{692174EA-6E4F-49B8-BE59-A8313568A068}.Release|Any CPU.Build.0 = Release|Any CPU
		{692174EA-6E4F-49B8-BE59-A8313568A068}.Release|ARM.ActiveCfg = Release|Any CPU
		{692174EA-6E4F-49B8-BE59-A8313568A068}.Release|ARM.Build.0 = Release|Any CPU
		{692174EA-6E4F-49B8-BE59-A8313568A068}.Release|ARM64.ActiveCfg = Release|Any CPU
		{692174EA-6E4F-49B8-BE59-A8313568A068}.Release|ARM64.Build.0 = Release|Any CPU
		{692174EA-6E4F-49B8-BE59-A8313568A068}.Release|x64.ActiveCfg = Release|Any CPU
		{692174EA-6E4F-49B8-BE59-A8313568A068}.Release|x64.Build.0 = Release|Any CPU
		{692174EA-6E4F-49B8-BE59-A8313568A068}.Release|x86.ActiveCfg = Release|Any CPU
		{692174EA-6E4F-49B8-BE59-A8313568A068}.Release|x86.Build.0 = Release|Any CPU
		{3D801923-95DB-4CAE-92EA-9D137776F28B}.Debug|Any CPU.ActiveCfg = Debug|Any CPU
		{3D801923-95DB-4CAE-92EA-9D137776F28B}.Debug|Any CPU.Build.0 = Debug|Any CPU
		{3D801923-95DB-4CAE-92EA-9D137776F28B}.Debug|ARM.ActiveCfg = Debug|Any CPU
		{3D801923-95DB-4CAE-92EA-9D137776F28B}.Debug|ARM.Build.0 = Debug|Any CPU
		{3D801923-95DB-4CAE-92EA-9D137776F28B}.Debug|ARM64.ActiveCfg = Debug|Any CPU
		{3D801923-95DB-4CAE-92EA-9D137776F28B}.Debug|ARM64.Build.0 = Debug|Any CPU
		{3D801923-95DB-4CAE-92EA-9D137776F28B}.Debug|x64.ActiveCfg = Debug|Any CPU
		{3D801923-95DB-4CAE-92EA-9D137776F28B}.Debug|x64.Build.0 = Debug|Any CPU
		{3D801923-95DB-4CAE-92EA-9D137776F28B}.Debug|x86.ActiveCfg = Debug|Any CPU
		{3D801923-95DB-4CAE-92EA-9D137776F28B}.Debug|x86.Build.0 = Debug|Any CPU
		{3D801923-95DB-4CAE-92EA-9D137776F28B}.Developer|Any CPU.ActiveCfg = Debug|Any CPU
		{3D801923-95DB-4CAE-92EA-9D137776F28B}.Developer|Any CPU.Build.0 = Debug|Any CPU
		{3D801923-95DB-4CAE-92EA-9D137776F28B}.Developer|ARM.ActiveCfg = Developer|Any CPU
		{3D801923-95DB-4CAE-92EA-9D137776F28B}.Developer|ARM.Build.0 = Developer|Any CPU
		{3D801923-95DB-4CAE-92EA-9D137776F28B}.Developer|ARM64.ActiveCfg = Developer|Any CPU
		{3D801923-95DB-4CAE-92EA-9D137776F28B}.Developer|ARM64.Build.0 = Developer|Any CPU
		{3D801923-95DB-4CAE-92EA-9D137776F28B}.Developer|x64.ActiveCfg = Developer|Any CPU
		{3D801923-95DB-4CAE-92EA-9D137776F28B}.Developer|x64.Build.0 = Developer|Any CPU
		{3D801923-95DB-4CAE-92EA-9D137776F28B}.Developer|x86.ActiveCfg = Debug|Any CPU
		{3D801923-95DB-4CAE-92EA-9D137776F28B}.Developer|x86.Build.0 = Debug|Any CPU
		{3D801923-95DB-4CAE-92EA-9D137776F28B}.Release|Any CPU.ActiveCfg = Release|Any CPU
		{3D801923-95DB-4CAE-92EA-9D137776F28B}.Release|Any CPU.Build.0 = Release|Any CPU
		{3D801923-95DB-4CAE-92EA-9D137776F28B}.Release|ARM.ActiveCfg = Release|Any CPU
		{3D801923-95DB-4CAE-92EA-9D137776F28B}.Release|ARM.Build.0 = Release|Any CPU
		{3D801923-95DB-4CAE-92EA-9D137776F28B}.Release|ARM64.ActiveCfg = Release|Any CPU
		{3D801923-95DB-4CAE-92EA-9D137776F28B}.Release|ARM64.Build.0 = Release|Any CPU
		{3D801923-95DB-4CAE-92EA-9D137776F28B}.Release|x64.ActiveCfg = Release|Any CPU
		{3D801923-95DB-4CAE-92EA-9D137776F28B}.Release|x64.Build.0 = Release|Any CPU
		{3D801923-95DB-4CAE-92EA-9D137776F28B}.Release|x86.ActiveCfg = Release|Any CPU
		{3D801923-95DB-4CAE-92EA-9D137776F28B}.Release|x86.Build.0 = Release|Any CPU
	EndGlobalSection
	GlobalSection(SolutionProperties) = preSolution
		HideSolutionNode = FALSE
	EndGlobalSection
	GlobalSection(ExtensibilityGlobals) = postSolution
		SolutionGuid = {5197EBE4-1751-46FE-A744-95DE1259FD82}
	EndGlobalSection
EndGlobal
